PODS:
  - GCDWebServer (3.3.2):
    - GCDWebServer/Core (= 3.3.2)
  - GCDWebServer/Core (3.3.2)
  - SQLite.swift (0.10.1)
  - XCGLogger (3.3)

DEPENDENCIES:
  - GCDWebServer (~> 3.0)
  - SQLite.swift (~> 0.10.1)
  - XCGLogger (from `https://github.com/Bersaelor/XCGLogger.git`, branch `swift_3.0`)

EXTERNAL SOURCES:
  XCGLogger:
    :branch: swift_3.0
    :git: https://github.com/Bersaelor/XCGLogger.git

CHECKOUT OPTIONS:
  XCGLogger:
    :commit: 7f366634297b8b06ab4fb35837aaaa23c3866777
    :git: https://github.com/Bersaelor/XCGLogger.git

SPEC CHECKSUMS:
  GCDWebServer: 2a375ec42839a41d7187d04e5b688d32fa5c4cd5
  SQLite.swift: 6a6e4b034efc317ce4e203b6af2d3024fee2b570
  XCGLogger: d6e196e78940ff6daab17d6917107876f973fa31

PODFILE CHECKSUM: 77f9efe685dc6945b2c001550490e198a1de09c3

COCOAPODS: 1.0.1
