// !$*UTF8*$!
{
	archiveVersion = 1;
	classes = {
	};
	objectVersion = 48;
	objects = {

/* Begin PBXBuildFile section */
		8A5E87041EF0424800520133 /* AppDelegate.swift in Sources */ = {isa = PBXBuildFile; fileRef = 8A5E87031EF0424800520133 /* AppDelegate.swift */; };
		8A5E87061EF0424800520133 /* ViewController.swift in Sources */ = {isa = PBXBuildFile; fileRef = 8A5E87051EF0424800520133 /* ViewController.swift */; };
		8A5E87091EF0424800520133 /* Main.storyboard in Resources */ = {isa = PBXBuildFile; fileRef = 8A5E87071EF0424800520133 /* Main.storyboard */; };
		8A5E870C1EF0424800520133 /* hybrid.xcdatamodeld in Sources */ = {isa = PBXBuildFile; fileRef = 8A5E870A1EF0424800520133 /* hybrid.xcdatamodeld */; };
		8A5E870E1EF0424800520133 /* Assets.xcassets in Resources */ = {isa = PBXBuildFile; fileRef = 8A5E870D1EF0424800520133 /* Assets.xcassets */; };
		8A5E87111EF0424800520133 /* LaunchScreen.storyboard in Resources */ = {isa = PBXBuildFile; fileRef = 8A5E870F1EF0424800520133 /* LaunchScreen.storyboard */; };
/* End PBXBuildFile section */

/* Begin PBXFileReference section */
		8A5E87001EF0424800520133 /* hybrid.app */ = {isa = PBXFileReference; explicitFileType = wrapper.application; includeInIndex = 0; path = hybrid.app; sourceTree = BUILT_PRODUCTS_DIR; };
		8A5E87031EF0424800520133 /* AppDelegate.swift */ = {isa = PBXFileReference; lastKnownFileType = sourcecode.swift; path = AppDelegate.swift; sourceTree = "<group>"; };
		8A5E87051EF0424800520133 /* ViewController.swift */ = {isa = PBXFileReference; lastKnownFileType = sourcecode.swift; path = ViewController.swift; sourceTree = "<group>"; };
		8A5E87081EF0424800520133 /* Base */ = {isa = PBXFileReference; lastKnownFileType = file.storyboard; name = Base; path = Base.lproj/Main.storyboard; sourceTree = "<group>"; };
		8A5E870B1EF0424800520133 /* hybrid.xcdatamodel */ = {isa = PBXFileReference; lastKnownFileType = wrapper.xcdatamodel; path = hybrid.xcdatamodel; sourceTree = "<group>"; };
		8A5E870D1EF0424800520133 /* Assets.xcassets */ = {isa = PBXFileReference; lastKnownFileType = folder.assetcatalog; path = Assets.xcassets; sourceTree = "<group>"; };
		8A5E87101EF0424800520133 /* Base */ = {isa = PBXFileReference; lastKnownFileType = file.storyboard; name = Base; path = Base.lproj/LaunchScreen.storyboard; sourceTree = "<group>"; };
		8A5E87121EF0424800520133 /* Info.plist */ = {isa = PBXFileReference; lastKnownFileType = text.plist.xml; path = Info.plist; sourceTree = "<group>"; };
/* End PBXFileReference section */

/* Begin PBXFrameworksBuildPhase section */
		8A5E86FD1EF0424700520133 /* Frameworks */ = {
			isa = PBXFrameworksBuildPhase;
			buildActionMask = 2147483647;
			files = (
			);
			runOnlyForDeploymentPostprocessing = 0;
		};
/* End PBXFrameworksBuildPhase section */

/* Begin PBXGroup section */
		8A5E86F71EF0424700520133 = {
			isa = PBXGroup;
			children = (
				8A5E87021EF0424800520133 /* hybrid */,
				8A5E87011EF0424800520133 /* Products */,
			);
			sourceTree = "<group>";
		};
		8A5E87011EF0424800520133 /* Products */ = {
			isa = PBXGroup;
			children = (
				8A5E87001EF0424800520133 /* hybrid.app */,
			);
			name = Products;
			sourceTree = "<group>";
		};
		8A5E87021EF0424800520133 /* hybrid */ = {
			isa = PBXGroup;
			children = (
				8A5E87031EF0424800520133 /* AppDelegate.swift */,
				8A5E87051EF0424800520133 /* ViewController.swift */,
				8A5E87071EF0424800520133 /* Main.storyboard */,
				8A5E870D1EF0424800520133 /* Assets.xcassets */,
				8A5E870F1EF0424800520133 /* LaunchScreen.storyboard */,
				8A5E87121EF0424800520133 /* Info.plist */,
				8A5E870A1EF0424800520133 /* hybrid.xcdatamodeld */,
			);
			path = hybrid;
			sourceTree = "<group>";
		};
/* End PBXGroup section */

/* Begin PBXNativeTarget section */
		8A5E86FF1EF0424700520133 /* hybrid */ = {
			isa = PBXNativeTarget;
			buildConfigurationList = 8A5E87151EF0424800520133 /* Build configuration list for PBXNativeTarget "hybrid" */;
			buildPhases = (
				8A5E86FC1EF0424700520133 /* Sources */,
				8A5E86FD1EF0424700520133 /* Frameworks */,
				8A5E86FE1EF0424700520133 /* Resources */,
			);
			buildRules = (
			);
			dependencies = (
			);
			name = hybrid;
			productName = hybrid;
			productReference = 8A5E87001EF0424800520133 /* hybrid.app */;
			productType = "com.apple.product-type.application";
		};
/* End PBXNativeTarget section */

/* Begin PBXProject section */
		8A5E86F81EF0424700520133 /* Project object */ = {
			isa = PBXProject;
			attributes = {
				LastSwiftUpdateCheck = 0900;
				LastUpgradeCheck = 0900;
				ORGANIZATIONNAME = "Guardian Mobile Innovation Lab";
				TargetAttributes = {
					8A5E86FF1EF0424700520133 = {
						CreatedOnToolsVersion = 9.0;
					};
				};
			};
			buildConfigurationList = 8A5E86FB1EF0424700520133 /* Build configuration list for PBXProject "hybrid" */;
			compatibilityVersion = "Xcode 8.0";
			developmentRegion = en;
			hasScannedForEncodings = 0;
			knownRegions = (
				en,
				Base,
			);
			mainGroup = 8A5E86F71EF0424700520133;
			productRefGroup = 8A5E87011EF0424800520133 /* Products */;
			projectDirPath = "";
			projectRoot = "";
			targets = (
				8A5E86FF1EF0424700520133 /* hybrid */,
			);
		};
/* End PBXProject section */

/* Begin PBXResourcesBuildPhase section */
		8A5E86FE1EF0424700520133 /* Resources */ = {
			isa = PBXResourcesBuildPhase;
			buildActionMask = 2147483647;
			files = (
				8A5E87111EF0424800520133 /* LaunchScreen.storyboard in Resources */,
				8A5E870E1EF0424800520133 /* Assets.xcassets in Resources */,
				8A5E87091EF0424800520133 /* Main.storyboard in Resources */,
			);
			runOnlyForDeploymentPostprocessing = 0;
		};
/* End PBXResourcesBuildPhase section */

/* Begin PBXSourcesBuildPhase section */
		8A5E86FC1EF0424700520133 /* Sources */ = {
			isa = PBXSourcesBuildPhase;
			buildActionMask = 2147483647;
			files = (
				8A5E870C1EF0424800520133 /* hybrid.xcdatamodeld in Sources */,
				8A5E87061EF0424800520133 /* ViewController.swift in Sources */,
				8A5E87041EF0424800520133 /* AppDelegate.swift in Sources */,
			);
			runOnlyForDeploymentPostprocessing = 0;
		};
/* End PBXSourcesBuildPhase section */

/* Begin PBXVariantGroup section */
		8A5E87071EF0424800520133 /* Main.storyboard */ = {
			isa = PBXVariantGroup;
			children = (
				8A5E87081EF0424800520133 /* Base */,
			);
			name = Main.storyboard;
			sourceTree = "<group>";
		};
		8A5E870F1EF0424800520133 /* LaunchScreen.storyboard */ = {
			isa = PBXVariantGroup;
			children = (
				8A5E87101EF0424800520133 /* Base */,
			);
			name = LaunchScreen.storyboard;
			sourceTree = "<group>";
		};
/* End PBXVariantGroup section */

/* Begin XCBuildConfiguration section */
		8A5E87131EF0424800520133 /* Debug */ = {
			isa = XCBuildConfiguration;
			buildSettings = {
				ALWAYS_SEARCH_USER_PATHS = NO;
				CLANG_ANALYZER_NONNULL = YES;
				CLANG_ANALYZER_NUMBER_OBJECT_CONVERSION = YES_AGGRESSIVE;
				CLANG_CXX_LANGUAGE_STANDARD = "gnu++14";
				CLANG_CXX_LIBRARY = "libc++";
				CLANG_ENABLE_MODULES = YES;
				CLANG_ENABLE_OBJC_ARC = YES;
				CLANG_WARN_BLOCK_CAPTURE_AUTORELEASING = YES;
				CLANG_WARN_BOOL_CONVERSION = YES;
				CLANG_WARN_COMMA = YES;
				CLANG_WARN_CONSTANT_CONVERSION = YES;
				CLANG_WARN_DIRECT_OBJC_ISA_USAGE = YES_ERROR;
				CLANG_WARN_DOCUMENTATION_COMMENTS = YES;
				CLANG_WARN_EMPTY_BODY = YES;
				CLANG_WARN_ENUM_CONVERSION = YES;
				CLANG_WARN_INFINITE_RECURSION = YES;
				CLANG_WARN_INT_CONVERSION = YES;
				CLANG_WARN_OBJC_ROOT_CLASS = YES_ERROR;
				CLANG_WARN_RANGE_LOOP_ANALYSIS = YES;
				CLANG_WARN_STRICT_PROTOTYPES = YES;
				CLANG_WARN_SUSPICIOUS_MOVE = YES;
				CLANG_WARN_UNGUARDED_AVAILABILITY = YES_AGGRESSIVE;
				CLANG_WARN_UNREACHABLE_CODE = YES;
				CLANG_WARN__DUPLICATE_METHOD_MATCH = YES;
				CODE_SIGN_IDENTITY = "iPhone Developer";
				COPY_PHASE_STRIP = NO;
				DEBUG_INFORMATION_FORMAT = dwarf;
				ENABLE_STRICT_OBJC_MSGSEND = YES;
				ENABLE_TESTABILITY = YES;
				GCC_C_LANGUAGE_STANDARD = gnu11;
				GCC_DYNAMIC_NO_PIC = NO;
				GCC_NO_COMMON_BLOCKS = YES;
				GCC_OPTIMIZATION_LEVEL = 0;
				GCC_PREPROCESSOR_DEFINITIONS = (
					"DEBUG=1",
					"$(inherited)",
				);
				GCC_WARN_64_TO_32_BIT_CONVERSION = YES;
				GCC_WARN_ABOUT_RETURN_TYPE = YES_ERROR;
				GCC_WARN_UNDECLARED_SELECTOR = YES;
				GCC_WARN_UNINITIALIZED_AUTOS = YES_AGGRESSIVE;
				GCC_WARN_UNUSED_FUNCTION = YES;
				GCC_WARN_UNUSED_VARIABLE = YES;
				IPHONEOS_DEPLOYMENT_TARGET = 11.0;
				MTL_ENABLE_DEBUG_INFO = YES;
				ONLY_ACTIVE_ARCH = YES;
				SDKROOT = iphoneos;
				SWIFT_ACTIVE_COMPILATION_CONDITIONS = DEBUG;
				SWIFT_OPTIMIZATION_LEVEL = "-Onone";
			};
			name = Debug;
		};
		8A5E87141EF0424800520133 /* Release */ = {
			isa = XCBuildConfiguration;
			buildSettings = {
				ALWAYS_SEARCH_USER_PATHS = NO;
				CLANG_ANALYZER_NONNULL = YES;
				CLANG_ANALYZER_NUMBER_OBJECT_CONVERSION = YES_AGGRESSIVE;
				CLANG_CXX_LANGUAGE_STANDARD = "gnu++14";
				CLANG_CXX_LIBRARY = "libc++";
				CLANG_ENABLE_MODULES = YES;
				CLANG_ENABLE_OBJC_ARC = YES;
				CLANG_WARN_BLOCK_CAPTURE_AUTORELEASING = YES;
				CLANG_WARN_BOOL_CONVERSION = YES;
				CLANG_WARN_COMMA = YES;
				CLANG_WARN_CONSTANT_CONVERSION = YES;
				CLANG_WARN_DIRECT_OBJC_ISA_USAGE = YES_ERROR;
				CLANG_WARN_DOCUMENTATION_COMMENTS = YES;
				CLANG_WARN_EMPTY_BODY = YES;
				CLANG_WARN_ENUM_CONVERSION = YES;
				CLANG_WARN_INFINITE_RECURSION = YES;
				CLANG_WARN_INT_CONVERSION = YES;
				CLANG_WARN_OBJC_ROOT_CLASS = YES_ERROR;
				CLANG_WARN_RANGE_LOOP_ANALYSIS = YES;
				CLANG_WARN_STRICT_PROTOTYPES = YES;
				CLANG_WARN_SUSPICIOUS_MOVE = YES;
				CLANG_WARN_UNGUARDED_AVAILABILITY = YES_AGGRESSIVE;
				CLANG_WARN_UNREACHABLE_CODE = YES;
				CLANG_WARN__DUPLICATE_METHOD_MATCH = YES;
				CODE_SIGN_IDENTITY = "iPhone Developer";
				COPY_PHASE_STRIP = NO;
				DEBUG_INFORMATION_FORMAT = "dwarf-with-dsym";
				ENABLE_NS_ASSERTIONS = NO;
				ENABLE_STRICT_OBJC_MSGSEND = YES;
				GCC_C_LANGUAGE_STANDARD = gnu11;
				GCC_NO_COMMON_BLOCKS = YES;
				GCC_WARN_64_TO_32_BIT_CONVERSION = YES;
				GCC_WARN_ABOUT_RETURN_TYPE = YES_ERROR;
				GCC_WARN_UNDECLARED_SELECTOR = YES;
				GCC_WARN_UNINITIALIZED_AUTOS = YES_AGGRESSIVE;
				GCC_WARN_UNUSED_FUNCTION = YES;
				GCC_WARN_UNUSED_VARIABLE = YES;
				IPHONEOS_DEPLOYMENT_TARGET = 11.0;
				MTL_ENABLE_DEBUG_INFO = NO;
				SDKROOT = iphoneos;
				SWIFT_OPTIMIZATION_LEVEL = "-Owholemodule";
				VALIDATE_PRODUCT = YES;
			};
			name = Release;
		};
		8A5E87161EF0424800520133 /* Debug */ = {
			isa = XCBuildConfiguration;
			buildSettings = {
				ASSETCATALOG_COMPILER_APPICON_NAME = AppIcon;
				DEVELOPMENT_TEAM = 998P9U5NGJ;
				INFOPLIST_FILE = hybrid/Info.plist;
				LD_RUNPATH_SEARCH_PATHS = "$(inherited) @executable_path/Frameworks";
				PRODUCT_BUNDLE_IDENTIFIER = com.gdnmobilelab.hybrid;
				PRODUCT_NAME = "$(TARGET_NAME)";
				SWIFT_VERSION = 4.0;
				TARGETED_DEVICE_FAMILY = "1,2";
			};
			name = Debug;
		};
		8A5E87171EF0424800520133 /* Release */ = {
			isa = XCBuildConfiguration;
			buildSettings = {
				ASSETCATALOG_COMPILER_APPICON_NAME = AppIcon;
				DEVELOPMENT_TEAM = 998P9U5NGJ;
				INFOPLIST_FILE = hybrid/Info.plist;
				LD_RUNPATH_SEARCH_PATHS = "$(inherited) @executable_path/Frameworks";
				PRODUCT_BUNDLE_IDENTIFIER = com.gdnmobilelab.hybrid;
				PRODUCT_NAME = "$(TARGET_NAME)";
				SWIFT_VERSION = 4.0;
				TARGETED_DEVICE_FAMILY = "1,2";
			};
			name = Release;
		};
/* End XCBuildConfiguration section */

/* Begin XCConfigurationList section */
		8A5E86FB1EF0424700520133 /* Build configuration list for PBXProject "hybrid" */ = {
			isa = XCConfigurationList;
			buildConfigurations = (
				8A5E87131EF0424800520133 /* Debug */,
				8A5E87141EF0424800520133 /* Release */,
			);
			defaultConfigurationIsVisible = 0;
			defaultConfigurationName = Release;
		};
		8A5E87151EF0424800520133 /* Build configuration list for PBXNativeTarget "hybrid" */ = {
			isa = XCConfigurationList;
			buildConfigurations = (
				8A5E87161EF0424800520133 /* Debug */,
				8A5E87171EF0424800520133 /* Release */,
			);
			defaultConfigurationIsVisible = 0;
		};
/* End XCConfigurationList section */

/* Begin XCVersionGroup section */
		8A5E870A1EF0424800520133 /* hybrid.xcdatamodeld */ = {
			isa = XCVersionGroup;
			children = (
				8A5E870B1EF0424800520133 /* hybrid.xcdatamodel */,
			);
			currentVersion = 8A5E870B1EF0424800520133 /* hybrid.xcdatamodel */;
			path = hybrid.xcdatamodeld;
			sourceTree = "<group>";
			versionGroupType = wrapper.xcdatamodel;
		};
/* End XCVersionGroup section */
	};
	rootObject = 8A5E86F81EF0424700520133 /* Project object */;
}
