// !$*UTF8*$!
{
	archiveVersion = 1;
	classes = {
	};
	objectVersion = 46;
	objects = {

/* Begin PBXBuildFile section */
		6491E65D29F89B3EE240B4B9 /* Pods_hybridTests.framework in Frameworks */ = {isa = PBXBuildFile; fileRef = 63CFC906FE82B28A71289383 /* Pods_hybridTests.framework */; };
		8A8846061D30074500CF9369 /* ServiceWorkerInstance.swift in Sources */ = {isa = PBXBuildFile; fileRef = 8A8846051D30074500CF9369 /* ServiceWorkerInstance.swift */; };
		8A8846091D3014AA00CF9369 /* ServiceWorkerInstance.swift in Sources */ = {isa = PBXBuildFile; fileRef = 8A8846081D3014AA00CF9369 /* ServiceWorkerInstance.swift */; };
		8A88460B1D30355600CF9369 /* helpers.swift in Sources */ = {isa = PBXBuildFile; fileRef = 8A88460A1D30355600CF9369 /* helpers.swift */; };
		8ADAAE181D10E2F5009F3898 /* console.swift in Sources */ = {isa = PBXBuildFile; fileRef = 8ADAAE171D10E2F5009F3898 /* console.swift */; };
		8ADAAE1A1D119F7E009F3898 /* ServiceWorker.swift in Sources */ = {isa = PBXBuildFile; fileRef = 8ADAAE191D119F7E009F3898 /* ServiceWorker.swift */; };
		8AEEDE5C1D26CF450032D588 /* db.swift in Sources */ = {isa = PBXBuildFile; fileRef = 8AEEDE5B1D26CF450032D588 /* db.swift */; };
		8AEEDE5E1D26ECE70032D588 /* url-resolve.swift in Sources */ = {isa = PBXBuildFile; fileRef = 8AEEDE5D1D26ECE70032D588 /* url-resolve.swift */; };
		8AEEDE601D2D88F10032D588 /* promisified.swift in Sources */ = {isa = PBXBuildFile; fileRef = 8AEEDE5F1D2D88F10032D588 /* promisified.swift */; };
		8AEEDE631D2D90DF0032D588 /* 201606290.sql in Resources */ = {isa = PBXBuildFile; fileRef = 8AEEDE621D2D90DF0032D588 /* 201606290.sql */; };
		8AEEDE671D2D93570032D588 /* 201607060.sql in Resources */ = {isa = PBXBuildFile; fileRef = 8AEEDE661D2D93570032D588 /* 201607060.sql */; };
		939622D25030CFD4641F37FD /* Pods_hybridUITests.framework in Frameworks */ = {isa = PBXBuildFile; fileRef = 695FE77A434866D84BFDEBDC /* Pods_hybridUITests.framework */; };
		CA84C83AD6F1B9C9CE1C18A7 /* Pods_hybrid.framework in Frameworks */ = {isa = PBXBuildFile; fileRef = 311DE092863FE59F27435153 /* Pods_hybrid.framework */; };
		D31BC10D1CD534CF00CF6BEB /* AppDelegate.swift in Sources */ = {isa = PBXBuildFile; fileRef = D31BC10C1CD534CF00CF6BEB /* AppDelegate.swift */; };
		D31BC10F1CD534CF00CF6BEB /* ViewController.swift in Sources */ = {isa = PBXBuildFile; fileRef = D31BC10E1CD534CF00CF6BEB /* ViewController.swift */; };
		D31BC1141CD534CF00CF6BEB /* Assets.xcassets in Resources */ = {isa = PBXBuildFile; fileRef = D31BC1131CD534CF00CF6BEB /* Assets.xcassets */; };
		D31BC1171CD534CF00CF6BEB /* LaunchScreen.storyboard in Resources */ = {isa = PBXBuildFile; fileRef = D31BC1151CD534CF00CF6BEB /* LaunchScreen.storyboard */; };
		D31BC1221CD534CF00CF6BEB /* hybridTests.swift in Sources */ = {isa = PBXBuildFile; fileRef = D31BC1211CD534CF00CF6BEB /* hybridTests.swift */; };
		D31BC12D1CD534CF00CF6BEB /* hybridUITests.swift in Sources */ = {isa = PBXBuildFile; fileRef = D31BC12C1CD534CF00CF6BEB /* hybridUITests.swift */; };
		D38116301CD58473004A3CCD /* ServiceWorkerHandler.swift in Sources */ = {isa = PBXBuildFile; fileRef = D381162F1CD58473004A3CCD /* ServiceWorkerHandler.swift */; };
		D38116351CD59AED004A3CCD /* MessageHandler.swift in Sources */ = {isa = PBXBuildFile; fileRef = D38116341CD59AED004A3CCD /* MessageHandler.swift */; };
		D381163A1CD5AE96004A3CCD /* js-dist in Resources */ = {isa = PBXBuildFile; fileRef = D38116391CD5AE96004A3CCD /* js-dist */; };
/* End PBXBuildFile section */

/* Begin PBXContainerItemProxy section */
		D31BC11E1CD534CF00CF6BEB /* PBXContainerItemProxy */ = {
			isa = PBXContainerItemProxy;
			containerPortal = D31BC1011CD534CE00CF6BEB /* Project object */;
			proxyType = 1;
			remoteGlobalIDString = D31BC1081CD534CE00CF6BEB;
			remoteInfo = hybrid;
		};
		D31BC1291CD534CF00CF6BEB /* PBXContainerItemProxy */ = {
			isa = PBXContainerItemProxy;
			containerPortal = D31BC1011CD534CE00CF6BEB /* Project object */;
			proxyType = 1;
			remoteGlobalIDString = D31BC1081CD534CE00CF6BEB;
			remoteInfo = hybrid;
		};
/* End PBXContainerItemProxy section */

/* Begin PBXFileReference section */
		311DE092863FE59F27435153 /* Pods_hybrid.framework */ = {isa = PBXFileReference; explicitFileType = wrapper.framework; includeInIndex = 0; path = Pods_hybrid.framework; sourceTree = BUILT_PRODUCTS_DIR; };
		55666D40BD5FD498074F5FE7 /* Pods-hybridTests.release.xcconfig */ = {isa = PBXFileReference; includeInIndex = 1; lastKnownFileType = text.xcconfig; name = "Pods-hybridTests.release.xcconfig"; path = "Pods/Target Support Files/Pods-hybridTests/Pods-hybridTests.release.xcconfig"; sourceTree = "<group>"; };
		63CFC906FE82B28A71289383 /* Pods_hybridTests.framework */ = {isa = PBXFileReference; explicitFileType = wrapper.framework; includeInIndex = 0; path = Pods_hybridTests.framework; sourceTree = BUILT_PRODUCTS_DIR; };
		695FE77A434866D84BFDEBDC /* Pods_hybridUITests.framework */ = {isa = PBXFileReference; explicitFileType = wrapper.framework; includeInIndex = 0; path = Pods_hybridUITests.framework; sourceTree = BUILT_PRODUCTS_DIR; };
		84E193CC866643238C24DE55 /* Pods-hybridTests.debug.xcconfig */ = {isa = PBXFileReference; includeInIndex = 1; lastKnownFileType = text.xcconfig; name = "Pods-hybridTests.debug.xcconfig"; path = "Pods/Target Support Files/Pods-hybridTests/Pods-hybridTests.debug.xcconfig"; sourceTree = "<group>"; };
		8A61C2718D624655AC9BD4D7 /* Pods-hybrid.release.xcconfig */ = {isa = PBXFileReference; includeInIndex = 1; lastKnownFileType = text.xcconfig; name = "Pods-hybrid.release.xcconfig"; path = "Pods/Target Support Files/Pods-hybrid/Pods-hybrid.release.xcconfig"; sourceTree = "<group>"; };
		8A8846051D30074500CF9369 /* ServiceWorkerInstance.swift */ = {isa = PBXFileReference; fileEncoding = 4; lastKnownFileType = sourcecode.swift; path = ServiceWorkerInstance.swift; sourceTree = "<group>"; };
		8A8846081D3014AA00CF9369 /* ServiceWorkerInstance.swift */ = {isa = PBXFileReference; fileEncoding = 4; lastKnownFileType = sourcecode.swift; path = ServiceWorkerInstance.swift; sourceTree = "<group>"; };
		8A88460A1D30355600CF9369 /* helpers.swift */ = {isa = PBXFileReference; fileEncoding = 4; lastKnownFileType = sourcecode.swift; path = helpers.swift; sourceTree = "<group>"; };
		8ADAAE171D10E2F5009F3898 /* console.swift */ = {isa = PBXFileReference; fileEncoding = 4; lastKnownFileType = sourcecode.swift; name = console.swift; path = commands/console.swift; sourceTree = "<group>"; };
		8ADAAE191D119F7E009F3898 /* ServiceWorker.swift */ = {isa = PBXFileReference; fileEncoding = 4; lastKnownFileType = sourcecode.swift; name = ServiceWorker.swift; path = commands/ServiceWorker.swift; sourceTree = "<group>"; };
		8AEEDE5B1D26CF450032D588 /* db.swift */ = {isa = PBXFileReference; fileEncoding = 4; lastKnownFileType = sourcecode.swift; path = db.swift; sourceTree = "<group>"; };
		8AEEDE5D1D26ECE70032D588 /* url-resolve.swift */ = {isa = PBXFileReference; fileEncoding = 4; lastKnownFileType = sourcecode.swift; path = "url-resolve.swift"; sourceTree = "<group>"; };
		8AEEDE5F1D2D88F10032D588 /* promisified.swift */ = {isa = PBXFileReference; fileEncoding = 4; lastKnownFileType = sourcecode.swift; path = promisified.swift; sourceTree = "<group>"; };
		8AEEDE621D2D90DF0032D588 /* 201606290.sql */ = {isa = PBXFileReference; fileEncoding = 4; lastKnownFileType = text; path = 201606290.sql; sourceTree = "<group>"; };
		8AEEDE661D2D93570032D588 /* 201607060.sql */ = {isa = PBXFileReference; fileEncoding = 4; lastKnownFileType = text; path = 201607060.sql; sourceTree = "<group>"; };
		94047B8822E7F4703DD0D1C4 /* Pods-hybridUITests.release.xcconfig */ = {isa = PBXFileReference; includeInIndex = 1; lastKnownFileType = text.xcconfig; name = "Pods-hybridUITests.release.xcconfig"; path = "Pods/Target Support Files/Pods-hybridUITests/Pods-hybridUITests.release.xcconfig"; sourceTree = "<group>"; };
		B46C29523D9C4D0AF532ADC1 /* Pods-hybrid.debug.xcconfig */ = {isa = PBXFileReference; includeInIndex = 1; lastKnownFileType = text.xcconfig; name = "Pods-hybrid.debug.xcconfig"; path = "Pods/Target Support Files/Pods-hybrid/Pods-hybrid.debug.xcconfig"; sourceTree = "<group>"; };
		D31BC1091CD534CF00CF6BEB /* hybrid.app */ = {isa = PBXFileReference; explicitFileType = wrapper.application; includeInIndex = 0; path = hybrid.app; sourceTree = BUILT_PRODUCTS_DIR; };
		D31BC10C1CD534CF00CF6BEB /* AppDelegate.swift */ = {isa = PBXFileReference; lastKnownFileType = sourcecode.swift; path = AppDelegate.swift; sourceTree = "<group>"; };
		D31BC10E1CD534CF00CF6BEB /* ViewController.swift */ = {isa = PBXFileReference; lastKnownFileType = sourcecode.swift; path = ViewController.swift; sourceTree = "<group>"; };
		D31BC1131CD534CF00CF6BEB /* Assets.xcassets */ = {isa = PBXFileReference; lastKnownFileType = folder.assetcatalog; path = Assets.xcassets; sourceTree = "<group>"; };
		D31BC1161CD534CF00CF6BEB /* Base */ = {isa = PBXFileReference; lastKnownFileType = file.storyboard; name = Base; path = Base.lproj/LaunchScreen.storyboard; sourceTree = "<group>"; };
		D31BC1181CD534CF00CF6BEB /* Info.plist */ = {isa = PBXFileReference; lastKnownFileType = text.plist.xml; path = Info.plist; sourceTree = "<group>"; };
		D31BC11D1CD534CF00CF6BEB /* hybridTests.xctest */ = {isa = PBXFileReference; explicitFileType = wrapper.cfbundle; includeInIndex = 0; path = hybridTests.xctest; sourceTree = BUILT_PRODUCTS_DIR; };
		D31BC1211CD534CF00CF6BEB /* hybridTests.swift */ = {isa = PBXFileReference; lastKnownFileType = sourcecode.swift; path = hybridTests.swift; sourceTree = "<group>"; };
		D31BC1231CD534CF00CF6BEB /* Info.plist */ = {isa = PBXFileReference; lastKnownFileType = text.plist.xml; path = Info.plist; sourceTree = "<group>"; };
		D31BC1281CD534CF00CF6BEB /* hybridUITests.xctest */ = {isa = PBXFileReference; explicitFileType = wrapper.cfbundle; includeInIndex = 0; path = hybridUITests.xctest; sourceTree = BUILT_PRODUCTS_DIR; };
		D31BC12C1CD534CF00CF6BEB /* hybridUITests.swift */ = {isa = PBXFileReference; lastKnownFileType = sourcecode.swift; path = hybridUITests.swift; sourceTree = "<group>"; };
		D31BC12E1CD534CF00CF6BEB /* Info.plist */ = {isa = PBXFileReference; lastKnownFileType = text.plist.xml; path = Info.plist; sourceTree = "<group>"; };
		D381162F1CD58473004A3CCD /* ServiceWorkerHandler.swift */ = {isa = PBXFileReference; fileEncoding = 4; lastKnownFileType = sourcecode.swift; path = ServiceWorkerHandler.swift; sourceTree = "<group>"; };
		D38116311CD584B6004A3CCD /* hybrid-Bridging-Header.h */ = {isa = PBXFileReference; lastKnownFileType = sourcecode.c.h; path = "hybrid-Bridging-Header.h"; sourceTree = "<group>"; };
		D38116341CD59AED004A3CCD /* MessageHandler.swift */ = {isa = PBXFileReference; fileEncoding = 4; lastKnownFileType = sourcecode.swift; path = MessageHandler.swift; sourceTree = "<group>"; };
		D38116391CD5AE96004A3CCD /* js-dist */ = {isa = PBXFileReference; lastKnownFileType = folder; path = "js-dist"; sourceTree = "<group>"; };
		EE95409F0E5100951E6BC0AC /* Pods-hybridUITests.debug.xcconfig */ = {isa = PBXFileReference; includeInIndex = 1; lastKnownFileType = text.xcconfig; name = "Pods-hybridUITests.debug.xcconfig"; path = "Pods/Target Support Files/Pods-hybridUITests/Pods-hybridUITests.debug.xcconfig"; sourceTree = "<group>"; };
/* End PBXFileReference section */

/* Begin PBXFrameworksBuildPhase section */
		D31BC1061CD534CE00CF6BEB /* Frameworks */ = {
			isa = PBXFrameworksBuildPhase;
			buildActionMask = 2147483647;
			files = (
				CA84C83AD6F1B9C9CE1C18A7 /* Pods_hybrid.framework in Frameworks */,
			);
			runOnlyForDeploymentPostprocessing = 0;
		};
		D31BC11A1CD534CF00CF6BEB /* Frameworks */ = {
			isa = PBXFrameworksBuildPhase;
			buildActionMask = 2147483647;
			files = (
				6491E65D29F89B3EE240B4B9 /* Pods_hybridTests.framework in Frameworks */,
			);
			runOnlyForDeploymentPostprocessing = 0;
		};
		D31BC1251CD534CF00CF6BEB /* Frameworks */ = {
			isa = PBXFrameworksBuildPhase;
			buildActionMask = 2147483647;
			files = (
				939622D25030CFD4641F37FD /* Pods_hybridUITests.framework in Frameworks */,
			);
			runOnlyForDeploymentPostprocessing = 0;
		};
/* End PBXFrameworksBuildPhase section */

/* Begin PBXGroup section */
		5249B1FBAB674F16EA74342E /* Frameworks */ = {
			isa = PBXGroup;
			children = (
				311DE092863FE59F27435153 /* Pods_hybrid.framework */,
				63CFC906FE82B28A71289383 /* Pods_hybridTests.framework */,
				695FE77A434866D84BFDEBDC /* Pods_hybridUITests.framework */,
			);
			name = Frameworks;
			sourceTree = "<group>";
		};
		8A8846041D30072100CF9369 /* service-worker */ = {
			isa = PBXGroup;
			children = (
				8A8846051D30074500CF9369 /* ServiceWorkerInstance.swift */,
			);
			name = "service-worker";
			sourceTree = "<group>";
		};
		8A8846071D30149600CF9369 /* service-worker */ = {
			isa = PBXGroup;
			children = (
				8A8846081D3014AA00CF9369 /* ServiceWorkerInstance.swift */,
			);
			name = "service-worker";
			sourceTree = "<group>";
		};
		8ADAAE161D10E2D3009F3898 /* commands */ = {
			isa = PBXGroup;
			children = (
				8ADAAE171D10E2F5009F3898 /* console.swift */,
				8ADAAE191D119F7E009F3898 /* ServiceWorker.swift */,
			);
			name = commands;
			sourceTree = "<group>";
		};
		8AEEDE611D2D90C00032D588 /* migrations */ = {
			isa = PBXGroup;
			children = (
				8AEEDE621D2D90DF0032D588 /* 201606290.sql */,
				8AEEDE661D2D93570032D588 /* 201607060.sql */,
			);
			name = migrations;
			sourceTree = "<group>";
		};
		BEF7120B410DE09F005FADF3 /* Pods */ = {
			isa = PBXGroup;
			children = (
				B46C29523D9C4D0AF532ADC1 /* Pods-hybrid.debug.xcconfig */,
				8A61C2718D624655AC9BD4D7 /* Pods-hybrid.release.xcconfig */,
				84E193CC866643238C24DE55 /* Pods-hybridTests.debug.xcconfig */,
				55666D40BD5FD498074F5FE7 /* Pods-hybridTests.release.xcconfig */,
				EE95409F0E5100951E6BC0AC /* Pods-hybridUITests.debug.xcconfig */,
				94047B8822E7F4703DD0D1C4 /* Pods-hybridUITests.release.xcconfig */,
			);
			name = Pods;
			sourceTree = "<group>";
		};
		D31BC1001CD534CE00CF6BEB = {
			isa = PBXGroup;
			children = (
				D31BC10B1CD534CF00CF6BEB /* hybrid */,
				D31BC1201CD534CF00CF6BEB /* hybridTests */,
				D31BC12B1CD534CF00CF6BEB /* hybridUITests */,
				D31BC10A1CD534CF00CF6BEB /* Products */,
				BEF7120B410DE09F005FADF3 /* Pods */,
				5249B1FBAB674F16EA74342E /* Frameworks */,
			);
			sourceTree = "<group>";
		};
		D31BC10A1CD534CF00CF6BEB /* Products */ = {
			isa = PBXGroup;
			children = (
				D31BC1091CD534CF00CF6BEB /* hybrid.app */,
				D31BC11D1CD534CF00CF6BEB /* hybridTests.xctest */,
				D31BC1281CD534CF00CF6BEB /* hybridUITests.xctest */,
			);
			name = Products;
			sourceTree = "<group>";
		};
		D31BC10B1CD534CF00CF6BEB /* hybrid */ = {
			isa = PBXGroup;
			children = (
				8A8846041D30072100CF9369 /* service-worker */,
				8AEEDE611D2D90C00032D588 /* migrations */,
				8ADAAE161D10E2D3009F3898 /* commands */,
				D38116391CD5AE96004A3CCD /* js-dist */,
				D31BC10C1CD534CF00CF6BEB /* AppDelegate.swift */,
				D31BC10E1CD534CF00CF6BEB /* ViewController.swift */,
				D31BC1131CD534CF00CF6BEB /* Assets.xcassets */,
				D31BC1151CD534CF00CF6BEB /* LaunchScreen.storyboard */,
				D31BC1181CD534CF00CF6BEB /* Info.plist */,
				D381162F1CD58473004A3CCD /* ServiceWorkerHandler.swift */,
				D38116311CD584B6004A3CCD /* hybrid-Bridging-Header.h */,
				D38116341CD59AED004A3CCD /* MessageHandler.swift */,
				8AEEDE5B1D26CF450032D588 /* db.swift */,
				8AEEDE5D1D26ECE70032D588 /* url-resolve.swift */,
				8AEEDE5F1D2D88F10032D588 /* promisified.swift */,
			);
			path = hybrid;
			sourceTree = "<group>";
		};
		D31BC1201CD534CF00CF6BEB /* hybridTests */ = {
			isa = PBXGroup;
			children = (
				8A8846071D30149600CF9369 /* service-worker */,
				D31BC1211CD534CF00CF6BEB /* hybridTests.swift */,
				D31BC1231CD534CF00CF6BEB /* Info.plist */,
				8A88460A1D30355600CF9369 /* helpers.swift */,
			);
			path = hybridTests;
			sourceTree = "<group>";
		};
		D31BC12B1CD534CF00CF6BEB /* hybridUITests */ = {
			isa = PBXGroup;
			children = (
				D31BC12C1CD534CF00CF6BEB /* hybridUITests.swift */,
				D31BC12E1CD534CF00CF6BEB /* Info.plist */,
			);
			path = hybridUITests;
			sourceTree = "<group>";
		};
/* End PBXGroup section */

/* Begin PBXNativeTarget section */
		D31BC1081CD534CE00CF6BEB /* hybrid */ = {
			isa = PBXNativeTarget;
			buildConfigurationList = D31BC1311CD534CF00CF6BEB /* Build configuration list for PBXNativeTarget "hybrid" */;
			buildPhases = (
				9B83742D19A3F00CD184577C /* [CP] Check Pods Manifest.lock */,
				D32977D31CDE5D16008B3767 /* ShellScript */,
				D31BC1051CD534CE00CF6BEB /* Sources */,
				D31BC1061CD534CE00CF6BEB /* Frameworks */,
				D31BC1071CD534CE00CF6BEB /* Resources */,
				184824172DE97002887D2834 /* [CP] Embed Pods Frameworks */,
				DE06B41D1E7E156132351F47 /* [CP] Copy Pods Resources */,
			);
			buildRules = (
			);
			dependencies = (
			);
			name = hybrid;
			productName = hybrid;
			productReference = D31BC1091CD534CF00CF6BEB /* hybrid.app */;
			productType = "com.apple.product-type.application";
		};
		D31BC11C1CD534CF00CF6BEB /* hybridTests */ = {
			isa = PBXNativeTarget;
			buildConfigurationList = D31BC1341CD534CF00CF6BEB /* Build configuration list for PBXNativeTarget "hybridTests" */;
			buildPhases = (
				2FC2BB3EE4D8B8156E92BDC9 /* [CP] Check Pods Manifest.lock */,
				D31BC1191CD534CF00CF6BEB /* Sources */,
				D31BC11A1CD534CF00CF6BEB /* Frameworks */,
				D31BC11B1CD534CF00CF6BEB /* Resources */,
				3FCC0C4619FECC2659906509 /* [CP] Embed Pods Frameworks */,
				E980CA49F9C0CF977B955ADA /* [CP] Copy Pods Resources */,
			);
			buildRules = (
			);
			dependencies = (
				D31BC11F1CD534CF00CF6BEB /* PBXTargetDependency */,
			);
			name = hybridTests;
			productName = hybridTests;
			productReference = D31BC11D1CD534CF00CF6BEB /* hybridTests.xctest */;
			productType = "com.apple.product-type.bundle.unit-test";
		};
		D31BC1271CD534CF00CF6BEB /* hybridUITests */ = {
			isa = PBXNativeTarget;
			buildConfigurationList = D31BC1371CD534CF00CF6BEB /* Build configuration list for PBXNativeTarget "hybridUITests" */;
			buildPhases = (
				C79E390495EEEB4B12765973 /* [CP] Check Pods Manifest.lock */,
				D31BC1241CD534CF00CF6BEB /* Sources */,
				D31BC1251CD534CF00CF6BEB /* Frameworks */,
				D31BC1261CD534CF00CF6BEB /* Resources */,
				CE741F07F7EF6DFA795E0BC7 /* [CP] Copy Pods Resources */,
			);
			buildRules = (
			);
			dependencies = (
				D31BC12A1CD534CF00CF6BEB /* PBXTargetDependency */,
			);
			name = hybridUITests;
			productName = hybridUITests;
			productReference = D31BC1281CD534CF00CF6BEB /* hybridUITests.xctest */;
			productType = "com.apple.product-type.bundle.ui-testing";
		};
/* End PBXNativeTarget section */

/* Begin PBXProject section */
		D31BC1011CD534CE00CF6BEB /* Project object */ = {
			isa = PBXProject;
			attributes = {
				LastSwiftUpdateCheck = 0730;
				LastUpgradeCheck = 0730;
				ORGANIZATIONNAME = "Alastair Coote";
				TargetAttributes = {
					D31BC1081CD534CE00CF6BEB = {
						CreatedOnToolsVersion = 7.3;
					};
					D31BC11C1CD534CF00CF6BEB = {
						CreatedOnToolsVersion = 7.3;
						TestTargetID = D31BC1081CD534CE00CF6BEB;
					};
					D31BC1271CD534CF00CF6BEB = {
						CreatedOnToolsVersion = 7.3;
						TestTargetID = D31BC1081CD534CE00CF6BEB;
					};
				};
			};
			buildConfigurationList = D31BC1041CD534CE00CF6BEB /* Build configuration list for PBXProject "hybrid" */;
			compatibilityVersion = "Xcode 3.2";
			developmentRegion = English;
			hasScannedForEncodings = 0;
			knownRegions = (
				en,
				Base,
			);
			mainGroup = D31BC1001CD534CE00CF6BEB;
			productRefGroup = D31BC10A1CD534CF00CF6BEB /* Products */;
			projectDirPath = "";
			projectRoot = "";
			targets = (
				D31BC1081CD534CE00CF6BEB /* hybrid */,
				D31BC11C1CD534CF00CF6BEB /* hybridTests */,
				D31BC1271CD534CF00CF6BEB /* hybridUITests */,
			);
		};
/* End PBXProject section */

/* Begin PBXResourcesBuildPhase section */
		D31BC1071CD534CE00CF6BEB /* Resources */ = {
			isa = PBXResourcesBuildPhase;
			buildActionMask = 2147483647;
			files = (
				D381163A1CD5AE96004A3CCD /* js-dist in Resources */,
				8AEEDE631D2D90DF0032D588 /* 201606290.sql in Resources */,
				8AEEDE671D2D93570032D588 /* 201607060.sql in Resources */,
				D31BC1171CD534CF00CF6BEB /* LaunchScreen.storyboard in Resources */,
				D31BC1141CD534CF00CF6BEB /* Assets.xcassets in Resources */,
			);
			runOnlyForDeploymentPostprocessing = 0;
		};
		D31BC11B1CD534CF00CF6BEB /* Resources */ = {
			isa = PBXResourcesBuildPhase;
			buildActionMask = 2147483647;
			files = (
			);
			runOnlyForDeploymentPostprocessing = 0;
		};
		D31BC1261CD534CF00CF6BEB /* Resources */ = {
			isa = PBXResourcesBuildPhase;
			buildActionMask = 2147483647;
			files = (
			);
			runOnlyForDeploymentPostprocessing = 0;
		};
/* End PBXResourcesBuildPhase section */

/* Begin PBXShellScriptBuildPhase section */
		184824172DE97002887D2834 /* [CP] Embed Pods Frameworks */ = {
			isa = PBXShellScriptBuildPhase;
			buildActionMask = 2147483647;
			files = (
			);
			inputPaths = (
			);
			name = "[CP] Embed Pods Frameworks";
			outputPaths = (
			);
			runOnlyForDeploymentPostprocessing = 0;
			shellPath = /bin/sh;
			shellScript = "\"${SRCROOT}/Pods/Target Support Files/Pods-hybrid/Pods-hybrid-frameworks.sh\"\n";
			showEnvVarsInLog = 0;
		};
		2FC2BB3EE4D8B8156E92BDC9 /* [CP] Check Pods Manifest.lock */ = {
			isa = PBXShellScriptBuildPhase;
			buildActionMask = 2147483647;
			files = (
			);
			inputPaths = (
			);
			name = "[CP] Check Pods Manifest.lock";
			outputPaths = (
			);
			runOnlyForDeploymentPostprocessing = 0;
			shellPath = /bin/sh;
			shellScript = "diff \"${PODS_ROOT}/../Podfile.lock\" \"${PODS_ROOT}/Manifest.lock\" > /dev/null\nif [[ $? != 0 ]] ; then\n    cat << EOM\nerror: The sandbox is not in sync with the Podfile.lock. Run 'pod install' or update your CocoaPods installation.\nEOM\n    exit 1\nfi\n";
			showEnvVarsInLog = 0;
		};
		3FCC0C4619FECC2659906509 /* [CP] Embed Pods Frameworks */ = {
			isa = PBXShellScriptBuildPhase;
			buildActionMask = 2147483647;
			files = (
			);
			inputPaths = (
			);
			name = "[CP] Embed Pods Frameworks";
			outputPaths = (
			);
			runOnlyForDeploymentPostprocessing = 0;
			shellPath = /bin/sh;
			shellScript = "\"${SRCROOT}/Pods/Target Support Files/Pods-hybridTests/Pods-hybridTests-frameworks.sh\"\n";
			showEnvVarsInLog = 0;
		};
		9B83742D19A3F00CD184577C /* [CP] Check Pods Manifest.lock */ = {
			isa = PBXShellScriptBuildPhase;
			buildActionMask = 2147483647;
			files = (
			);
			inputPaths = (
			);
			name = "[CP] Check Pods Manifest.lock";
			outputPaths = (
			);
			runOnlyForDeploymentPostprocessing = 0;
			shellPath = /bin/sh;
			shellScript = "diff \"${PODS_ROOT}/../Podfile.lock\" \"${PODS_ROOT}/Manifest.lock\" > /dev/null\nif [[ $? != 0 ]] ; then\n    cat << EOM\nerror: The sandbox is not in sync with the Podfile.lock. Run 'pod install' or update your CocoaPods installation.\nEOM\n    exit 1\nfi\n";
			showEnvVarsInLog = 0;
		};
		C79E390495EEEB4B12765973 /* [CP] Check Pods Manifest.lock */ = {
			isa = PBXShellScriptBuildPhase;
			buildActionMask = 2147483647;
			files = (
			);
			inputPaths = (
			);
			name = "[CP] Check Pods Manifest.lock";
			outputPaths = (
			);
			runOnlyForDeploymentPostprocessing = 0;
			shellPath = /bin/sh;
			shellScript = "diff \"${PODS_ROOT}/../Podfile.lock\" \"${PODS_ROOT}/Manifest.lock\" > /dev/null\nif [[ $? != 0 ]] ; then\n    cat << EOM\nerror: The sandbox is not in sync with the Podfile.lock. Run 'pod install' or update your CocoaPods installation.\nEOM\n    exit 1\nfi\n";
			showEnvVarsInLog = 0;
		};
		CE741F07F7EF6DFA795E0BC7 /* [CP] Copy Pods Resources */ = {
			isa = PBXShellScriptBuildPhase;
			buildActionMask = 2147483647;
			files = (
			);
			inputPaths = (
			);
			name = "[CP] Copy Pods Resources";
			outputPaths = (
			);
			runOnlyForDeploymentPostprocessing = 0;
			shellPath = /bin/sh;
			shellScript = "\"${SRCROOT}/Pods/Target Support Files/Pods-hybridUITests/Pods-hybridUITests-resources.sh\"\n";
			showEnvVarsInLog = 0;
		};
		D32977D31CDE5D16008B3767 /* ShellScript */ = {
			isa = PBXShellScriptBuildPhase;
			buildActionMask = 2147483647;
			files = (
			);
			inputPaths = (
			);
			outputPaths = (
			);
			runOnlyForDeploymentPostprocessing = 0;
			shellPath = /bin/sh;
			shellScript = "cd \"$PROJECT_DIR\"/js-src\nnpm run rollup -- src/webview/document-start.js -o ../hybrid/js-dist/document-start.js\nnpm run rollup -- src/service-worker/worker-context.js -o ../hybrid/js-dist/worker-context.js";
		};
		DE06B41D1E7E156132351F47 /* [CP] Copy Pods Resources */ = {
			isa = PBXShellScriptBuildPhase;
			buildActionMask = 2147483647;
			files = (
			);
			inputPaths = (
			);
			name = "[CP] Copy Pods Resources";
			outputPaths = (
			);
			runOnlyForDeploymentPostprocessing = 0;
			shellPath = /bin/sh;
			shellScript = "\"${SRCROOT}/Pods/Target Support Files/Pods-hybrid/Pods-hybrid-resources.sh\"\n";
			showEnvVarsInLog = 0;
		};
		E980CA49F9C0CF977B955ADA /* [CP] Copy Pods Resources */ = {
			isa = PBXShellScriptBuildPhase;
			buildActionMask = 2147483647;
			files = (
			);
			inputPaths = (
			);
			name = "[CP] Copy Pods Resources";
			outputPaths = (
			);
			runOnlyForDeploymentPostprocessing = 0;
			shellPath = /bin/sh;
			shellScript = "\"${SRCROOT}/Pods/Target Support Files/Pods-hybridTests/Pods-hybridTests-resources.sh\"\n";
			showEnvVarsInLog = 0;
		};
/* End PBXShellScriptBuildPhase section */

/* Begin PBXSourcesBuildPhase section */
		D31BC1051CD534CE00CF6BEB /* Sources */ = {
			isa = PBXSourcesBuildPhase;
			buildActionMask = 2147483647;
			files = (
				8ADAAE1A1D119F7E009F3898 /* ServiceWorker.swift in Sources */,
				D31BC10F1CD534CF00CF6BEB /* ViewController.swift in Sources */,
				D31BC10D1CD534CF00CF6BEB /* AppDelegate.swift in Sources */,
				8AEEDE601D2D88F10032D588 /* promisified.swift in Sources */,
				8AEEDE5C1D26CF450032D588 /* db.swift in Sources */,
				8AEEDE5E1D26ECE70032D588 /* url-resolve.swift in Sources */,
				8A8846061D30074500CF9369 /* ServiceWorkerInstance.swift in Sources */,
				8ADAAE181D10E2F5009F3898 /* console.swift in Sources */,
				D38116351CD59AED004A3CCD /* MessageHandler.swift in Sources */,
				D38116301CD58473004A3CCD /* ServiceWorkerHandler.swift in Sources */,
			);
			runOnlyForDeploymentPostprocessing = 0;
		};
		D31BC1191CD534CF00CF6BEB /* Sources */ = {
			isa = PBXSourcesBuildPhase;
			buildActionMask = 2147483647;
			files = (
				8A8846091D3014AA00CF9369 /* ServiceWorkerInstance.swift in Sources */,
				D31BC1221CD534CF00CF6BEB /* hybridTests.swift in Sources */,
				8A88460B1D30355600CF9369 /* helpers.swift in Sources */,
			);
			runOnlyForDeploymentPostprocessing = 0;
		};
		D31BC1241CD534CF00CF6BEB /* Sources */ = {
			isa = PBXSourcesBuildPhase;
			buildActionMask = 2147483647;
			files = (
				D31BC12D1CD534CF00CF6BEB /* hybridUITests.swift in Sources */,
			);
			runOnlyForDeploymentPostprocessing = 0;
		};
/* End PBXSourcesBuildPhase section */

/* Begin PBXTargetDependency section */
		D31BC11F1CD534CF00CF6BEB /* PBXTargetDependency */ = {
			isa = PBXTargetDependency;
			target = D31BC1081CD534CE00CF6BEB /* hybrid */;
			targetProxy = D31BC11E1CD534CF00CF6BEB /* PBXContainerItemProxy */;
		};
		D31BC12A1CD534CF00CF6BEB /* PBXTargetDependency */ = {
			isa = PBXTargetDependency;
			target = D31BC1081CD534CE00CF6BEB /* hybrid */;
			targetProxy = D31BC1291CD534CF00CF6BEB /* PBXContainerItemProxy */;
		};
/* End PBXTargetDependency section */

/* Begin PBXVariantGroup section */
		D31BC1151CD534CF00CF6BEB /* LaunchScreen.storyboard */ = {
			isa = PBXVariantGroup;
			children = (
				D31BC1161CD534CF00CF6BEB /* Base */,
			);
			name = LaunchScreen.storyboard;
			sourceTree = "<group>";
		};
/* End PBXVariantGroup section */

/* Begin XCBuildConfiguration section */
		D31BC12F1CD534CF00CF6BEB /* Debug */ = {
			isa = XCBuildConfiguration;
			buildSettings = {
				ALWAYS_SEARCH_USER_PATHS = NO;
				CLANG_ANALYZER_NONNULL = YES;
				CLANG_CXX_LANGUAGE_STANDARD = "gnu++0x";
				CLANG_CXX_LIBRARY = "libc++";
				CLANG_ENABLE_MODULES = YES;
				CLANG_ENABLE_OBJC_ARC = YES;
				CLANG_WARN_BOOL_CONVERSION = YES;
				CLANG_WARN_CONSTANT_CONVERSION = YES;
				CLANG_WARN_DIRECT_OBJC_ISA_USAGE = YES_ERROR;
				CLANG_WARN_EMPTY_BODY = YES;
				CLANG_WARN_ENUM_CONVERSION = YES;
				CLANG_WARN_INT_CONVERSION = YES;
				CLANG_WARN_OBJC_ROOT_CLASS = YES_ERROR;
				CLANG_WARN_UNREACHABLE_CODE = YES;
				CLANG_WARN__DUPLICATE_METHOD_MATCH = YES;
				"CODE_SIGN_IDENTITY[sdk=iphoneos*]" = "iPhone Developer";
				COPY_PHASE_STRIP = NO;
				DEBUG_INFORMATION_FORMAT = dwarf;
				ENABLE_STRICT_OBJC_MSGSEND = YES;
				ENABLE_TESTABILITY = YES;
				GCC_C_LANGUAGE_STANDARD = gnu99;
				GCC_DYNAMIC_NO_PIC = NO;
				GCC_NO_COMMON_BLOCKS = YES;
				GCC_OPTIMIZATION_LEVEL = 0;
				GCC_PREPROCESSOR_DEFINITIONS = (
					"DEBUG=1",
					"$(inherited)",
				);
				GCC_WARN_64_TO_32_BIT_CONVERSION = YES;
				GCC_WARN_ABOUT_RETURN_TYPE = YES_ERROR;
				GCC_WARN_UNDECLARED_SELECTOR = YES;
				GCC_WARN_UNINITIALIZED_AUTOS = YES_AGGRESSIVE;
				GCC_WARN_UNUSED_FUNCTION = YES;
				GCC_WARN_UNUSED_VARIABLE = YES;
				IPHONEOS_DEPLOYMENT_TARGET = 9.3;
				MTL_ENABLE_DEBUG_INFO = YES;
				ONLY_ACTIVE_ARCH = YES;
				SDKROOT = iphoneos;
				SWIFT_OPTIMIZATION_LEVEL = "-Onone";
			};
			name = Debug;
		};
		D31BC1301CD534CF00CF6BEB /* Release */ = {
			isa = XCBuildConfiguration;
			buildSettings = {
				ALWAYS_SEARCH_USER_PATHS = NO;
				CLANG_ANALYZER_NONNULL = YES;
				CLANG_CXX_LANGUAGE_STANDARD = "gnu++0x";
				CLANG_CXX_LIBRARY = "libc++";
				CLANG_ENABLE_MODULES = YES;
				CLANG_ENABLE_OBJC_ARC = YES;
				CLANG_WARN_BOOL_CONVERSION = YES;
				CLANG_WARN_CONSTANT_CONVERSION = YES;
				CLANG_WARN_DIRECT_OBJC_ISA_USAGE = YES_ERROR;
				CLANG_WARN_EMPTY_BODY = YES;
				CLANG_WARN_ENUM_CONVERSION = YES;
				CLANG_WARN_INT_CONVERSION = YES;
				CLANG_WARN_OBJC_ROOT_CLASS = YES_ERROR;
				CLANG_WARN_UNREACHABLE_CODE = YES;
				CLANG_WARN__DUPLICATE_METHOD_MATCH = YES;
				"CODE_SIGN_IDENTITY[sdk=iphoneos*]" = "iPhone Developer";
				COPY_PHASE_STRIP = NO;
				DEBUG_INFORMATION_FORMAT = "dwarf-with-dsym";
				ENABLE_NS_ASSERTIONS = NO;
				ENABLE_STRICT_OBJC_MSGSEND = YES;
				GCC_C_LANGUAGE_STANDARD = gnu99;
				GCC_NO_COMMON_BLOCKS = YES;
				GCC_WARN_64_TO_32_BIT_CONVERSION = YES;
				GCC_WARN_ABOUT_RETURN_TYPE = YES_ERROR;
				GCC_WARN_UNDECLARED_SELECTOR = YES;
				GCC_WARN_UNINITIALIZED_AUTOS = YES_AGGRESSIVE;
				GCC_WARN_UNUSED_FUNCTION = YES;
				GCC_WARN_UNUSED_VARIABLE = YES;
				IPHONEOS_DEPLOYMENT_TARGET = 9.3;
				MTL_ENABLE_DEBUG_INFO = NO;
				SDKROOT = iphoneos;
				VALIDATE_PRODUCT = YES;
			};
			name = Release;
		};
		D31BC1321CD534CF00CF6BEB /* Debug */ = {
			isa = XCBuildConfiguration;
			baseConfigurationReference = B46C29523D9C4D0AF532ADC1 /* Pods-hybrid.debug.xcconfig */;
			buildSettings = {
				ASSETCATALOG_COMPILER_APPICON_NAME = AppIcon;
				CLANG_ENABLE_MODULES = YES;
				INFOPLIST_FILE = hybrid/Info.plist;
				IPHONEOS_DEPLOYMENT_TARGET = 9.3;
				LD_RUNPATH_SEARCH_PATHS = "$(inherited) @executable_path/Frameworks";
				PRODUCT_BUNDLE_IDENTIFIER = gdmobilelab.hybrid;
				PRODUCT_NAME = "$(TARGET_NAME)";
				SWIFT_OBJC_BRIDGING_HEADER = "hybrid/hybrid-Bridging-Header.h";
				SWIFT_OPTIMIZATION_LEVEL = "-Onone";
			};
			name = Debug;
		};
		D31BC1331CD534CF00CF6BEB /* Release */ = {
			isa = XCBuildConfiguration;
			baseConfigurationReference = 8A61C2718D624655AC9BD4D7 /* Pods-hybrid.release.xcconfig */;
			buildSettings = {
				ASSETCATALOG_COMPILER_APPICON_NAME = AppIcon;
				CLANG_ENABLE_MODULES = YES;
				INFOPLIST_FILE = hybrid/Info.plist;
				IPHONEOS_DEPLOYMENT_TARGET = 9.3;
				LD_RUNPATH_SEARCH_PATHS = "$(inherited) @executable_path/Frameworks";
				PRODUCT_BUNDLE_IDENTIFIER = gdmobilelab.hybrid;
				PRODUCT_NAME = "$(TARGET_NAME)";
				SWIFT_OBJC_BRIDGING_HEADER = "hybrid/hybrid-Bridging-Header.h";
			};
			name = Release;
		};
		D31BC1351CD534CF00CF6BEB /* Debug */ = {
			isa = XCBuildConfiguration;
			baseConfigurationReference = 84E193CC866643238C24DE55 /* Pods-hybridTests.debug.xcconfig */;
			buildSettings = {
				BUNDLE_LOADER = "$(TEST_HOST)";
				INFOPLIST_FILE = hybridTests/Info.plist;
				LD_RUNPATH_SEARCH_PATHS = "$(inherited) @executable_path/Frameworks @loader_path/Frameworks";
				PRODUCT_BUNDLE_IDENTIFIER = gdmobilelab.hybridTests;
				PRODUCT_NAME = "$(TARGET_NAME)";
				TEST_HOST = "$(BUILT_PRODUCTS_DIR)/hybrid.app/hybrid";
			};
			name = Debug;
		};
		D31BC1361CD534CF00CF6BEB /* Release */ = {
			isa = XCBuildConfiguration;
			baseConfigurationReference = 55666D40BD5FD498074F5FE7 /* Pods-hybridTests.release.xcconfig */;
			buildSettings = {
				BUNDLE_LOADER = "$(TEST_HOST)";
				INFOPLIST_FILE = hybridTests/Info.plist;
				LD_RUNPATH_SEARCH_PATHS = "$(inherited) @executable_path/Frameworks @loader_path/Frameworks";
				PRODUCT_BUNDLE_IDENTIFIER = gdmobilelab.hybridTests;
				PRODUCT_NAME = "$(TARGET_NAME)";
				TEST_HOST = "$(BUILT_PRODUCTS_DIR)/hybrid.app/hybrid";
			};
			name = Release;
		};
		D31BC1381CD534CF00CF6BEB /* Debug */ = {
			isa = XCBuildConfiguration;
			baseConfigurationReference = EE95409F0E5100951E6BC0AC /* Pods-hybridUITests.debug.xcconfig */;
			buildSettings = {
				INFOPLIST_FILE = hybridUITests/Info.plist;
				LD_RUNPATH_SEARCH_PATHS = "$(inherited) @executable_path/Frameworks @loader_path/Frameworks";
				PRODUCT_BUNDLE_IDENTIFIER = gdmobilelab.hybridUITests;
				PRODUCT_NAME = "$(TARGET_NAME)";
				TEST_TARGET_NAME = hybrid;
			};
			name = Debug;
		};
		D31BC1391CD534CF00CF6BEB /* Release */ = {
			isa = XCBuildConfiguration;
			baseConfigurationReference = 94047B8822E7F4703DD0D1C4 /* Pods-hybridUITests.release.xcconfig */;
			buildSettings = {
				INFOPLIST_FILE = hybridUITests/Info.plist;
				LD_RUNPATH_SEARCH_PATHS = "$(inherited) @executable_path/Frameworks @loader_path/Frameworks";
				PRODUCT_BUNDLE_IDENTIFIER = gdmobilelab.hybridUITests;
				PRODUCT_NAME = "$(TARGET_NAME)";
				TEST_TARGET_NAME = hybrid;
			};
			name = Release;
		};
/* End XCBuildConfiguration section */

/* Begin XCConfigurationList section */
		D31BC1041CD534CE00CF6BEB /* Build configuration list for PBXProject "hybrid" */ = {
			isa = XCConfigurationList;
			buildConfigurations = (
				D31BC12F1CD534CF00CF6BEB /* Debug */,
				D31BC1301CD534CF00CF6BEB /* Release */,
			);
			defaultConfigurationIsVisible = 0;
			defaultConfigurationName = Release;
		};
		D31BC1311CD534CF00CF6BEB /* Build configuration list for PBXNativeTarget "hybrid" */ = {
			isa = XCConfigurationList;
			buildConfigurations = (
				D31BC1321CD534CF00CF6BEB /* Debug */,
				D31BC1331CD534CF00CF6BEB /* Release */,
			);
			defaultConfigurationIsVisible = 0;
			defaultConfigurationName = Release;
		};
		D31BC1341CD534CF00CF6BEB /* Build configuration list for PBXNativeTarget "hybridTests" */ = {
			isa = XCConfigurationList;
			buildConfigurations = (
				D31BC1351CD534CF00CF6BEB /* Debug */,
				D31BC1361CD534CF00CF6BEB /* Release */,
			);
			defaultConfigurationIsVisible = 0;
			defaultConfigurationName = Release;
		};
		D31BC1371CD534CF00CF6BEB /* Build configuration list for PBXNativeTarget "hybridUITests" */ = {
			isa = XCConfigurationList;
			buildConfigurations = (
				D31BC1381CD534CF00CF6BEB /* Debug */,
				D31BC1391CD534CF00CF6BEB /* Release */,
			);
			defaultConfigurationIsVisible = 0;
			defaultConfigurationName = Release;
		};
/* End XCConfigurationList section */
	};
	rootObject = D31BC1011CD534CE00CF6BEB /* Project object */;
}
